
Microsoft Visual Studio Solution File, Format Version 12.00
# Visual Studio Version 17
VisualStudioVersion = 17.3.32825.248
MinimumVisualStudioVersion = 10.0.40219.1
Project("{8BC9CEB8-8B4A-11D0-8D11-00A0C91BC942}") = "Day1", "Day1\Day1.vcxproj", "{428B6A4A-D8C9-4680-84D7-F757DD1C8EC1}"
EndProject
Project("{8BC9CEB8-8B4A-11D0-8D11-00A0C91BC942}") = "Day2", "Day2\Day2.vcxproj", "{E6A1A89A-9F1D-4D33-A744-20039F6DC0AD}"
EndProject
Project("{8BC9CEB8-8B4A-11D0-8D11-00A0C91BC942}") = "Day3", "Day3\Day3.vcxproj", "{FFE9C148-BDC6-4901-A1B9-3C1585FA5447}"
EndProject
Project("{8BC9CEB8-8B4A-11D0-8D11-00A0C91BC942}") = "Day4", "Day4\Day4.vcxproj", "{36E64737-E6C2-4E68-AF1B-D43A61B98410}"
EndProject
Project("{8BC9CEB8-8B4A-11D0-8D11-00A0C91BC942}") = "Day5", "Day5\Day5.vcxproj", "{A9FC6535-3A96-465F-9988-8960BF2D4EA2}"
EndProject
Project("{8BC9CEB8-8B4A-11D0-8D11-00A0C91BC942}") = "Day6", "Day6\Day6.vcxproj", "{570DB1A2-CAD9-456D-8483-02F622D6D0EC}"
EndProject
Project("{8BC9CEB8-8B4A-11D0-8D11-00A0C91BC942}") = "Day7", "Day7\Day7.vcxproj", "{E0917D73-4289-47F2-B276-B52BF5722B5A}"
EndProject
Project("{8BC9CEB8-8B4A-11D0-8D11-00A0C91BC942}") = "Day8", "Day8\Day8.vcxproj", "{C688046B-C458-4FD5-BD90-EA11319356C7}"
EndProject
Project("{8BC9CEB8-8B4A-11D0-8D11-00A0C91BC942}") = "Day9", "Day9\Day9.vcxproj", "{ADCD04EF-88F2-4960-99D0-BA6F502046D3}"
EndProject
Project("{8BC9CEB8-8B4A-11D0-8D11-00A0C91BC942}") = "Day10", "Day10\Day10.vcxproj", "{FDFBC2D1-9474-4438-8836-0819F6498EDF}"
EndProject
Project("{8BC9CEB8-8B4A-11D0-8D11-00A0C91BC942}") = "Day11", "Day11\Day11.vcxproj", "{2873C5E6-A167-45F3-91F2-1747579D49AC}"
EndProject
Project("{8BC9CEB8-8B4A-11D0-8D11-00A0C91BC942}") = "Day12", "Day12\Day12.vcxproj", "{14518180-53A6-40A1-93C8-8451EDFA12A5}"
EndProject
Global
	GlobalSection(SolutionConfigurationPlatforms) = preSolution
		Debug|x64 = Debug|x64
		Debug|x86 = Debug|x86
		Release|x64 = Release|x64
		Release|x86 = Release|x86
	EndGlobalSection
	GlobalSection(ProjectConfigurationPlatforms) = postSolution
		{428B6A4A-D8C9-4680-84D7-F757DD1C8EC1}.Debug|x64.ActiveCfg = Debug|x64
		{428B6A4A-D8C9-4680-84D7-F757DD1C8EC1}.Debug|x64.Build.0 = Debug|x64
		{428B6A4A-D8C9-4680-84D7-F757DD1C8EC1}.Debug|x86.ActiveCfg = Debug|Win32
		{428B6A4A-D8C9-4680-84D7-F757DD1C8EC1}.Debug|x86.Build.0 = Debug|Win32
		{428B6A4A-D8C9-4680-84D7-F757DD1C8EC1}.Release|x64.ActiveCfg = Release|x64
		{428B6A4A-D8C9-4680-84D7-F757DD1C8EC1}.Release|x64.Build.0 = Release|x64
		{428B6A4A-D8C9-4680-84D7-F757DD1C8EC1}.Release|x86.ActiveCfg = Release|Win32
		{428B6A4A-D8C9-4680-84D7-F757DD1C8EC1}.Release|x86.Build.0 = Release|Win32
		{E6A1A89A-9F1D-4D33-A744-20039F6DC0AD}.Debug|x64.ActiveCfg = Debug|x64
		{E6A1A89A-9F1D-4D33-A744-20039F6DC0AD}.Debug|x64.Build.0 = Debug|x64
		{E6A1A89A-9F1D-4D33-A744-20039F6DC0AD}.Debug|x86.ActiveCfg = Debug|Win32
		{E6A1A89A-9F1D-4D33-A744-20039F6DC0AD}.Debug|x86.Build.0 = Debug|Win32
		{E6A1A89A-9F1D-4D33-A744-20039F6DC0AD}.Release|x64.ActiveCfg = Release|x64
		{E6A1A89A-9F1D-4D33-A744-20039F6DC0AD}.Release|x64.Build.0 = Release|x64
		{E6A1A89A-9F1D-4D33-A744-20039F6DC0AD}.Release|x86.ActiveCfg = Release|Win32
		{E6A1A89A-9F1D-4D33-A744-20039F6DC0AD}.Release|x86.Build.0 = Release|Win32
		{FFE9C148-BDC6-4901-A1B9-3C1585FA5447}.Debug|x64.ActiveCfg = Debug|x64
		{FFE9C148-BDC6-4901-A1B9-3C1585FA5447}.Debug|x64.Build.0 = Debug|x64
		{FFE9C148-BDC6-4901-A1B9-3C1585FA5447}.Debug|x86.ActiveCfg = Debug|Win32
		{FFE9C148-BDC6-4901-A1B9-3C1585FA5447}.Debug|x86.Build.0 = Debug|Win32
		{FFE9C148-BDC6-4901-A1B9-3C1585FA5447}.Release|x64.ActiveCfg = Release|x64
		{FFE9C148-BDC6-4901-A1B9-3C1585FA5447}.Release|x64.Build.0 = Release|x64
		{FFE9C148-BDC6-4901-A1B9-3C1585FA5447}.Release|x86.ActiveCfg = Release|Win32
		{FFE9C148-BDC6-4901-A1B9-3C1585FA5447}.Release|x86.Build.0 = Release|Win32
		{36E64737-E6C2-4E68-AF1B-D43A61B98410}.Debug|x64.ActiveCfg = Debug|x64
		{36E64737-E6C2-4E68-AF1B-D43A61B98410}.Debug|x64.Build.0 = Debug|x64
		{36E64737-E6C2-4E68-AF1B-D43A61B98410}.Debug|x86.ActiveCfg = Debug|Win32
		{36E64737-E6C2-4E68-AF1B-D43A61B98410}.Debug|x86.Build.0 = Debug|Win32
		{36E64737-E6C2-4E68-AF1B-D43A61B98410}.Release|x64.ActiveCfg = Release|x64
		{36E64737-E6C2-4E68-AF1B-D43A61B98410}.Release|x64.Build.0 = Release|x64
		{36E64737-E6C2-4E68-AF1B-D43A61B98410}.Release|x86.ActiveCfg = Release|Win32
		{36E64737-E6C2-4E68-AF1B-D43A61B98410}.Release|x86.Build.0 = Release|Win32
		{A9FC6535-3A96-465F-9988-8960BF2D4EA2}.Debug|x64.ActiveCfg = Debug|x64
		{A9FC6535-3A96-465F-9988-8960BF2D4EA2}.Debug|x64.Build.0 = Debug|x64
		{A9FC6535-3A96-465F-9988-8960BF2D4EA2}.Debug|x86.ActiveCfg = Debug|Win32
		{A9FC6535-3A96-465F-9988-8960BF2D4EA2}.Debug|x86.Build.0 = Debug|Win32
		{A9FC6535-3A96-465F-9988-8960BF2D4EA2}.Release|x64.ActiveCfg = Release|x64
		{A9FC6535-3A96-465F-9988-8960BF2D4EA2}.Release|x64.Build.0 = Release|x64
		{A9FC6535-3A96-465F-9988-8960BF2D4EA2}.Release|x86.ActiveCfg = Release|Win32
		{A9FC6535-3A96-465F-9988-8960BF2D4EA2}.Release|x86.Build.0 = Release|Win32
		{570DB1A2-CAD9-456D-8483-02F622D6D0EC}.Debug|x64.ActiveCfg = Debug|x64
		{570DB1A2-CAD9-456D-8483-02F622D6D0EC}.Debug|x64.Build.0 = Debug|x64
		{570DB1A2-CAD9-456D-8483-02F622D6D0EC}.Debug|x86.ActiveCfg = Debug|Win32
		{570DB1A2-CAD9-456D-8483-02F622D6D0EC}.Debug|x86.Build.0 = Debug|Win32
		{570DB1A2-CAD9-456D-8483-02F622D6D0EC}.Release|x64.ActiveCfg = Release|x64
		{570DB1A2-CAD9-456D-8483-02F622D6D0EC}.Release|x64.Build.0 = Release|x64
		{570DB1A2-CAD9-456D-8483-02F622D6D0EC}.Release|x86.ActiveCfg = Release|Win32
		{570DB1A2-CAD9-456D-8483-02F622D6D0EC}.Release|x86.Build.0 = Release|Win32
		{E0917D73-4289-47F2-B276-B52BF5722B5A}.Debug|x64.ActiveCfg = Debug|x64
		{E0917D73-4289-47F2-B276-B52BF5722B5A}.Debug|x64.Build.0 = Debug|x64
		{E0917D73-4289-47F2-B276-B52BF5722B5A}.Debug|x86.ActiveCfg = Debug|Win32
		{E0917D73-4289-47F2-B276-B52BF5722B5A}.Debug|x86.Build.0 = Debug|Win32
		{E0917D73-4289-47F2-B276-B52BF5722B5A}.Release|x64.ActiveCfg = Release|x64
		{E0917D73-4289-47F2-B276-B52BF5722B5A}.Release|x64.Build.0 = Release|x64
		{E0917D73-4289-47F2-B276-B52BF5722B5A}.Release|x86.ActiveCfg = Release|Win32
		{E0917D73-4289-47F2-B276-B52BF5722B5A}.Release|x86.Build.0 = Release|Win32
		{C688046B-C458-4FD5-BD90-EA11319356C7}.Debug|x64.ActiveCfg = Debug|x64
		{C688046B-C458-4FD5-BD90-EA11319356C7}.Debug|x64.Build.0 = Debug|x64
		{C688046B-C458-4FD5-BD90-EA11319356C7}.Debug|x86.ActiveCfg = Debug|Win32
		{C688046B-C458-4FD5-BD90-EA11319356C7}.Debug|x86.Build.0 = Debug|Win32
		{C688046B-C458-4FD5-BD90-EA11319356C7}.Release|x64.ActiveCfg = Release|x64
		{C688046B-C458-4FD5-BD90-EA11319356C7}.Release|x64.Build.0 = Release|x64
		{C688046B-C458-4FD5-BD90-EA11319356C7}.Release|x86.ActiveCfg = Release|Win32
		{C688046B-C458-4FD5-BD90-EA11319356C7}.Release|x86.Build.0 = Release|Win32
		{ADCD04EF-88F2-4960-99D0-BA6F502046D3}.Debug|x64.ActiveCfg = Debug|x64
		{ADCD04EF-88F2-4960-99D0-BA6F502046D3}.Debug|x64.Build.0 = Debug|x64
		{ADCD04EF-88F2-4960-99D0-BA6F502046D3}.Debug|x86.ActiveCfg = Debug|Win32
		{ADCD04EF-88F2-4960-99D0-BA6F502046D3}.Debug|x86.Build.0 = Debug|Win32
		{ADCD04EF-88F2-4960-99D0-BA6F502046D3}.Release|x64.ActiveCfg = Release|x64
		{ADCD04EF-88F2-4960-99D0-BA6F502046D3}.Release|x64.Build.0 = Release|x64
		{ADCD04EF-88F2-4960-99D0-BA6F502046D3}.Release|x86.ActiveCfg = Release|Win32
		{ADCD04EF-88F2-4960-99D0-BA6F502046D3}.Release|x86.Build.0 = Release|Win32
		{FDFBC2D1-9474-4438-8836-0819F6498EDF}.Debug|x64.ActiveCfg = Debug|x64
		{FDFBC2D1-9474-4438-8836-0819F6498EDF}.Debug|x64.Build.0 = Debug|x64
		{FDFBC2D1-9474-4438-8836-0819F6498EDF}.Debug|x86.ActiveCfg = Debug|Win32
		{FDFBC2D1-9474-4438-8836-0819F6498EDF}.Debug|x86.Build.0 = Debug|Win32
		{FDFBC2D1-9474-4438-8836-0819F6498EDF}.Release|x64.ActiveCfg = Release|x64
		{FDFBC2D1-9474-4438-8836-0819F6498EDF}.Release|x64.Build.0 = Release|x64
		{FDFBC2D1-9474-4438-8836-0819F6498EDF}.Release|x86.ActiveCfg = Release|Win32
		{FDFBC2D1-9474-4438-8836-0819F6498EDF}.Release|x86.Build.0 = Release|Win32
		{2873C5E6-A167-45F3-91F2-1747579D49AC}.Debug|x64.ActiveCfg = Debug|x64
		{2873C5E6-A167-45F3-91F2-1747579D49AC}.Debug|x64.Build.0 = Debug|x64
		{2873C5E6-A167-45F3-91F2-1747579D49AC}.Debug|x86.ActiveCfg = Debug|Win32
		{2873C5E6-A167-45F3-91F2-1747579D49AC}.Debug|x86.Build.0 = Debug|Win32
		{2873C5E6-A167-45F3-91F2-1747579D49AC}.Release|x64.ActiveCfg = Release|x64
		{2873C5E6-A167-45F3-91F2-1747579D49AC}.Release|x64.Build.0 = Release|x64
		{2873C5E6-A167-45F3-91F2-1747579D49AC}.Release|x86.ActiveCfg = Release|Win32
		{2873C5E6-A167-45F3-91F2-1747579D49AC}.Release|x86.Build.0 = Release|Win32
		{14518180-53A6-40A1-93C8-8451EDFA12A5}.Debug|x64.ActiveCfg = Debug|x64
		{14518180-53A6-40A1-93C8-8451EDFA12A5}.Debug|x64.Build.0 = Debug|x64
		{14518180-53A6-40A1-93C8-8451EDFA12A5}.Debug|x86.ActiveCfg = Debug|Win32
		{14518180-53A6-40A1-93C8-8451EDFA12A5}.Debug|x86.Build.0 = Debug|Win32
		{14518180-53A6-40A1-93C8-8451EDFA12A5}.Release|x64.ActiveCfg = Release|x64
		{14518180-53A6-40A1-93C8-8451EDFA12A5}.Release|x64.Build.0 = Release|x64
		{14518180-53A6-40A1-93C8-8451EDFA12A5}.Release|x86.ActiveCfg = Release|Win32
		{14518180-53A6-40A1-93C8-8451EDFA12A5}.Release|x86.Build.0 = Release|Win32
	EndGlobalSection
	GlobalSection(SolutionProperties) = preSolution
		HideSolutionNode = FALSE
	EndGlobalSection
	GlobalSection(ExtensibilityGlobals) = postSolution
		SolutionGuid = {7A02F38D-A9DD-4779-984B-68A2EF1AF625}
	EndGlobalSection
EndGlobal
